PODS:
  - FBSnapshotTestCase (2.1.4):
    - FBSnapshotTestCase/SwiftSupport (= 2.1.4)
  - FBSnapshotTestCase/Core (2.1.4)
  - FBSnapshotTestCase/SwiftSupport (2.1.4):
    - FBSnapshotTestCase/Core
  - Kiwi (3.0.0)
  - TPHomeModule (0.1.0)

DEPENDENCIES:
  - FBSnapshotTestCase
  - Kiwi
  - TPHomeModule (from `../`)

SPEC REPOS:
  https://github.com/CocoaPods/Specs.git:
    - FBSnapshotTestCase
    - Kiwi

EXTERNAL SOURCES:
  TPHomeModule:
    :path: "../"

SPEC CHECKSUMS:
  FBSnapshotTestCase: 094f9f314decbabe373b87cc339bea235a63e07a
  Kiwi: fbeafef0f00e4d8f7dcb3420a4930afe70af77f7
  TPHomeModule: 4cb3fe8b91018931c8336c897f5a59b70ef5e681

PODFILE CHECKSUM: 1a888ebfda0af4ec4be1b92ac39ee7a739c76b83

COCOAPODS: 1.5.0
